
Microsoft Visual Studio Solution File, Format Version 12.00
# Visual Studio Version 17
VisualStudioVersion = 17.8.34316.72
MinimumVisualStudioVersion = 10.0.40219.1
Project("{FAE04EC0-301F-11D3-BF4B-00C04F79EFBC}") = "API(DATABASE_FIRST_APPROACH)", "API(DATABASE_FIRST_APPROACH)\API(DATABASE_FIRST_APPROACH).csproj", "{7E8BD317-4E46-4122-9A9D-697D1A2971CF}"
EndProject
Global
	GlobalSection(SolutionConfigurationPlatforms) = preSolution
		Debug|Any CPU = Debug|Any CPU
		Release|Any CPU = Release|Any CPU
	EndGlobalSection
	GlobalSection(ProjectConfigurationPlatforms) = postSolution
		{7E8BD317-4E46-4122-9A9D-697D1A2971CF}.Debug|Any CPU.ActiveCfg = Debug|Any CPU
		{7E8BD317-4E46-4122-9A9D-697D1A2971CF}.Debug|Any CPU.Build.0 = Debug|Any CPU
		{7E8BD317-4E46-4122-9A9D-697D1A2971CF}.Release|Any CPU.ActiveCfg = Release|Any CPU
		{7E8BD317-4E46-4122-9A9D-697D1A2971CF}.Release|Any CPU.Build.0 = Release|Any CPU
	EndGlobalSection
	GlobalSection(SolutionProperties) = preSolution
		HideSolutionNode = FALSE
	EndGlobalSection
	GlobalSection(ExtensibilityGlobals) = postSolution
		SolutionGuid = {61CC0C21-7E24-493A-8A40-2CC5AB60F050}
	EndGlobalSection
EndGlobal
